
Microsoft Visual Studio Solution File, Format Version 12.00
# Visual Studio Version 17
VisualStudioVersion = 17.7.34031.279
MinimumVisualStudioVersion = 10.0.40219.1
Project("{FAE04EC0-301F-11D3-BF4B-00C04F79EFBC}") = "BetterAlarmClock", "BetterAlarmClock.csproj", "{539E01B6-09B1-49C9-8F76-B3CC8198102B}"
EndProject
Global
	GlobalSection(SolutionConfigurationPlatforms) = preSolution
		Debug|Any CPU = Debug|Any CPU
		Release|Any CPU = Release|Any CPU
	EndGlobalSection
	GlobalSection(ProjectConfigurationPlatforms) = postSolution
		{539E01B6-09B1-49C9-8F76-B3CC8198102B}.Debug|Any CPU.ActiveCfg = Debug|Any CPU
		{539E01B6-09B1-49C9-8F76-B3CC8198102B}.Debug|Any CPU.Build.0 = Debug|Any CPU
		{539E01B6-09B1-49C9-8F76-B3CC8198102B}.Debug|Any CPU.Deploy.0 = Debug|Any CPU
		{539E01B6-09B1-49C9-8F76-B3CC8198102B}.Release|Any CPU.ActiveCfg = Release|Any CPU
		{539E01B6-09B1-49C9-8F76-B3CC8198102B}.Release|Any CPU.Build.0 = Release|Any CPU
		{539E01B6-09B1-49C9-8F76-B3CC8198102B}.Release|Any CPU.Deploy.0 = Release|Any CPU
	EndGlobalSection
	GlobalSection(SolutionProperties) = preSolution
		HideSolutionNode = FALSE
	EndGlobalSection
	GlobalSection(ExtensibilityGlobals) = postSolution
		SolutionGuid = {7F53FD90-2FE6-485D-BB83-87911302990A}
	EndGlobalSection
EndGlobal
